
Microsoft Visual Studio Solution File, Format Version 12.00
# Visual Studio Version 18
VisualStudioVersion = 18.3.11408.92 d18.3
MinimumVisualStudioVersion = 10.0.40219.1
Project("{FAE04EC0-301F-11D3-BF4B-00C04F79EFBC}") = "FirstSignalR", "FirstSignalR.csproj", "{A33078FA-F37D-0355-88DE-D2B99863F79F}"
EndProject
Global
	GlobalSection(SolutionConfigurationPlatforms) = preSolution
		Debug|Any CPU = Debug|Any CPU
		Release|Any CPU = Release|Any CPU
	EndGlobalSection
	GlobalSection(ProjectConfigurationPlatforms) = postSolution
		{A33078FA-F37D-0355-88DE-D2B99863F79F}.Debug|Any CPU.ActiveCfg = Debug|Any CPU
		{A33078FA-F37D-0355-88DE-D2B99863F79F}.Debug|Any CPU.Build.0 = Debug|Any CPU
		{A33078FA-F37D-0355-88DE-D2B99863F79F}.Release|Any CPU.ActiveCfg = Release|Any CPU
		{A33078FA-F37D-0355-88DE-D2B99863F79F}.Release|Any CPU.Build.0 = Release|Any CPU
	EndGlobalSection
	GlobalSection(SolutionProperties) = preSolution
		HideSolutionNode = FALSE
	EndGlobalSection
	GlobalSection(ExtensibilityGlobals) = postSolution
		SolutionGuid = {55CF9ACD-6608-4940-833E-1756A3B02642}
	EndGlobalSection
EndGlobal
